// !$*UTF8*$!
{
	archiveVersion = 1;
	classes = {
	};
	objectVersion = 46;
	objects = {

/* Begin PBXBuildFile section */
		19045DF51B41BF2F0040AC88 /* main.m in Sources */ = {isa = PBXBuildFile; fileRef = 19045DF41B41BF2F0040AC88 /* main.m */; };
		19045DF81B41BF2F0040AC88 /* AppDelegate.m in Sources */ = {isa = PBXBuildFile; fileRef = 19045DF71B41BF2F0040AC88 /* AppDelegate.m */; };
		19045E001B41BF2F0040AC88 /* Images.xcassets in Resources */ = {isa = PBXBuildFile; fileRef = 19045DFF1B41BF2F0040AC88 /* Images.xcassets */; };
		19045E031B41BF2F0040AC88 /* LaunchScreen.xib in Resources */ = {isa = PBXBuildFile; fileRef = 19045E011B41BF2F0040AC88 /* LaunchScreen.xib */; };
		19045E0F1B41BF2F0040AC88 /* YumYukTests.m in Sources */ = {isa = PBXBuildFile; fileRef = 19045E0E1B41BF2F0040AC88 /* YumYukTests.m */; };
		972C259C1B42FB0B0096A32E /* IndividualPageController.m in Sources */ = {isa = PBXBuildFile; fileRef = 972C259B1B42FB0B0096A32E /* IndividualPageController.m */; };
		97B9BBCD1B41E08E00D972D1 /* RestaurantViewController.m in Sources */ = {isa = PBXBuildFile; fileRef = 97B9BBCC1B41E08E00D972D1 /* RestaurantViewController.m */; };
		97B9BBD01B41ED7B00D972D1 /* RestaurantViewCell.m in Sources */ = {isa = PBXBuildFile; fileRef = 97B9BBCF1B41ED7B00D972D1 /* RestaurantViewCell.m */; };
		97B9BBD21B41EDD900D972D1 /* RestaurantViewCell.xib in Resources */ = {isa = PBXBuildFile; fileRef = 97B9BBD11B41EDD900D972D1 /* RestaurantViewCell.xib */; };
		97B9BBD51B42059000D972D1 /* RestaurantList.m in Sources */ = {isa = PBXBuildFile; fileRef = 97B9BBD41B42059000D972D1 /* RestaurantList.m */; };
		B996E4E71B41C57E004EEF45 /* Bolts.framework in Frameworks */ = {isa = PBXBuildFile; fileRef = B996E4E51B41C57E004EEF45 /* Bolts.framework */; };
		B996E4E81B41C57E004EEF45 /* Parse.framework in Frameworks */ = {isa = PBXBuildFile; fileRef = B996E4E61B41C57E004EEF45 /* Parse.framework */; };
		B996E4EA1B41C5A9004EEF45 /* AudioToolbox.framework in Frameworks */ = {isa = PBXBuildFile; fileRef = B996E4E91B41C5A9004EEF45 /* AudioToolbox.framework */; };
		B996E4EC1B41C5B0004EEF45 /* CFNetwork.framework in Frameworks */ = {isa = PBXBuildFile; fileRef = B996E4EB1B41C5B0004EEF45 /* CFNetwork.framework */; };
		B996E4EE1B41C5B9004EEF45 /* CoreGraphics.framework in Frameworks */ = {isa = PBXBuildFile; fileRef = B996E4ED1B41C5B9004EEF45 /* CoreGraphics.framework */; };
		B996E4F01B41C5C1004EEF45 /* CoreLocation.framework in Frameworks */ = {isa = PBXBuildFile; fileRef = B996E4EF1B41C5C1004EEF45 /* CoreLocation.framework */; };
		B996E4F21B41C5CA004EEF45 /* MobileCoreServices.framework in Frameworks */ = {isa = PBXBuildFile; fileRef = B996E4F11B41C5CA004EEF45 /* MobileCoreServices.framework */; };
		B996E4F41B41C5D1004EEF45 /* QuartzCore.framework in Frameworks */ = {isa = PBXBuildFile; fileRef = B996E4F31B41C5D1004EEF45 /* QuartzCore.framework */; };
		B996E4F61B41C5D8004EEF45 /* Security.framework in Frameworks */ = {isa = PBXBuildFile; fileRef = B996E4F51B41C5D8004EEF45 /* Security.framework */; };
		B996E4F81B41C5E5004EEF45 /* StoreKit.framework in Frameworks */ = {isa = PBXBuildFile; fileRef = B996E4F71B41C5E5004EEF45 /* StoreKit.framework */; };
		B996E4FA1B41C5ED004EEF45 /* SystemConfiguration.framework in Frameworks */ = {isa = PBXBuildFile; fileRef = B996E4F91B41C5ED004EEF45 /* SystemConfiguration.framework */; };
		B996E4FC1B41C5F9004EEF45 /* libz.dylib in Frameworks */ = {isa = PBXBuildFile; fileRef = B996E4FB1B41C5F9004EEF45 /* libz.dylib */; };
		B996E4FE1B41C602004EEF45 /* libsqlite3.dylib in Frameworks */ = {isa = PBXBuildFile; fileRef = B996E4FD1B41C602004EEF45 /* libsqlite3.dylib */; };
		B996E5671B424450004EEF45 /* DatabaseAccess.m in Sources */ = {isa = PBXBuildFile; fileRef = B996E5661B424450004EEF45 /* DatabaseAccess.m */; };
		B996E5691B426FB7004EEF45 /* Main.storyboard in Resources */ = {isa = PBXBuildFile; fileRef = B996E5681B426FB7004EEF45 /* Main.storyboard */; };
		B996E56C1B42FB47004EEF45 /* YYConstants.m in Sources */ = {isa = PBXBuildFile; fileRef = B996E56B1B42FB47004EEF45 /* YYConstants.m */; };
/* End PBXBuildFile section */

/* Begin PBXContainerItemProxy section */
		19045E091B41BF2F0040AC88 /* PBXContainerItemProxy */ = {
			isa = PBXContainerItemProxy;
			containerPortal = 19045DE71B41BF2F0040AC88 /* Project object */;
			proxyType = 1;
			remoteGlobalIDString = 19045DEE1B41BF2F0040AC88;
			remoteInfo = YumYuk;
		};
/* End PBXContainerItemProxy section */

/* Begin PBXFileReference section */
		19045DEF1B41BF2F0040AC88 /* YumYuk.app */ = {isa = PBXFileReference; explicitFileType = wrapper.application; includeInIndex = 0; path = YumYuk.app; sourceTree = BUILT_PRODUCTS_DIR; };
		19045DF31B41BF2F0040AC88 /* Info.plist */ = {isa = PBXFileReference; lastKnownFileType = text.plist.xml; path = Info.plist; sourceTree = "<group>"; };
		19045DF41B41BF2F0040AC88 /* main.m */ = {isa = PBXFileReference; lastKnownFileType = sourcecode.c.objc; path = main.m; sourceTree = "<group>"; };
		19045DF61B41BF2F0040AC88 /* AppDelegate.h */ = {isa = PBXFileReference; lastKnownFileType = sourcecode.c.h; path = AppDelegate.h; sourceTree = "<group>"; };
		19045DF71B41BF2F0040AC88 /* AppDelegate.m */ = {isa = PBXFileReference; lastKnownFileType = sourcecode.c.objc; path = AppDelegate.m; sourceTree = "<group>"; };
		19045DFF1B41BF2F0040AC88 /* Images.xcassets */ = {isa = PBXFileReference; lastKnownFileType = folder.assetcatalog; path = Images.xcassets; sourceTree = "<group>"; };
		19045E021B41BF2F0040AC88 /* Base */ = {isa = PBXFileReference; lastKnownFileType = file.xib; name = Base; path = Base.lproj/LaunchScreen.xib; sourceTree = "<group>"; };
		19045E081B41BF2F0040AC88 /* YumYukTests.xctest */ = {isa = PBXFileReference; explicitFileType = wrapper.cfbundle; includeInIndex = 0; path = YumYukTests.xctest; sourceTree = BUILT_PRODUCTS_DIR; };
		19045E0D1B41BF2F0040AC88 /* Info.plist */ = {isa = PBXFileReference; lastKnownFileType = text.plist.xml; path = Info.plist; sourceTree = "<group>"; };
		19045E0E1B41BF2F0040AC88 /* YumYukTests.m */ = {isa = PBXFileReference; lastKnownFileType = sourcecode.c.objc; path = YumYukTests.m; sourceTree = "<group>"; };
		972C259A1B42FB0B0096A32E /* IndividualPageController.h */ = {isa = PBXFileReference; fileEncoding = 4; lastKnownFileType = sourcecode.c.h; path = IndividualPageController.h; sourceTree = "<group>"; };
		972C259B1B42FB0B0096A32E /* IndividualPageController.m */ = {isa = PBXFileReference; fileEncoding = 4; lastKnownFileType = sourcecode.c.objc; path = IndividualPageController.m; sourceTree = "<group>"; };
		97B9BBCB1B41E08E00D972D1 /* RestaurantViewController.h */ = {isa = PBXFileReference; fileEncoding = 4; lastKnownFileType = sourcecode.c.h; name = RestaurantViewController.h; path = ../RestaurantViewController.h; sourceTree = "<group>"; };
		97B9BBCC1B41E08E00D972D1 /* RestaurantViewController.m */ = {isa = PBXFileReference; fileEncoding = 4; lastKnownFileType = sourcecode.c.objc; name = RestaurantViewController.m; path = ../RestaurantViewController.m; sourceTree = "<group>"; };
		97B9BBCE1B41ED7B00D972D1 /* RestaurantViewCell.h */ = {isa = PBXFileReference; fileEncoding = 4; lastKnownFileType = sourcecode.c.h; path = RestaurantViewCell.h; sourceTree = "<group>"; };
		97B9BBCF1B41ED7B00D972D1 /* RestaurantViewCell.m */ = {isa = PBXFileReference; fileEncoding = 4; lastKnownFileType = sourcecode.c.objc; path = RestaurantViewCell.m; sourceTree = "<group>"; };
		97B9BBD11B41EDD900D972D1 /* RestaurantViewCell.xib */ = {isa = PBXFileReference; fileEncoding = 4; lastKnownFileType = file.xib; path = RestaurantViewCell.xib; sourceTree = "<group>"; };
		97B9BBD31B42059000D972D1 /* RestaurantList.h */ = {isa = PBXFileReference; fileEncoding = 4; lastKnownFileType = sourcecode.c.h; path = RestaurantList.h; sourceTree = "<group>"; };
		97B9BBD41B42059000D972D1 /* RestaurantList.m */ = {isa = PBXFileReference; fileEncoding = 4; lastKnownFileType = sourcecode.c.objc; path = RestaurantList.m; sourceTree = "<group>"; };
		B996E4E51B41C57E004EEF45 /* Bolts.framework */ = {isa = PBXFileReference; lastKnownFileType = wrapper.framework; path = Bolts.framework; sourceTree = "<group>"; };
		B996E4E61B41C57E004EEF45 /* Parse.framework */ = {isa = PBXFileReference; lastKnownFileType = wrapper.framework; path = Parse.framework; sourceTree = "<group>"; };
		B996E4E91B41C5A9004EEF45 /* AudioToolbox.framework */ = {isa = PBXFileReference; lastKnownFileType = wrapper.framework; name = AudioToolbox.framework; path = System/Library/Frameworks/AudioToolbox.framework; sourceTree = SDKROOT; };
		B996E4EB1B41C5B0004EEF45 /* CFNetwork.framework */ = {isa = PBXFileReference; lastKnownFileType = wrapper.framework; name = CFNetwork.framework; path = System/Library/Frameworks/CFNetwork.framework; sourceTree = SDKROOT; };
		B996E4ED1B41C5B9004EEF45 /* CoreGraphics.framework */ = {isa = PBXFileReference; lastKnownFileType = wrapper.framework; name = CoreGraphics.framework; path = System/Library/Frameworks/CoreGraphics.framework; sourceTree = SDKROOT; };
		B996E4EF1B41C5C1004EEF45 /* CoreLocation.framework */ = {isa = PBXFileReference; lastKnownFileType = wrapper.framework; name = CoreLocation.framework; path = System/Library/Frameworks/CoreLocation.framework; sourceTree = SDKROOT; };
		B996E4F11B41C5CA004EEF45 /* MobileCoreServices.framework */ = {isa = PBXFileReference; lastKnownFileType = wrapper.framework; name = MobileCoreServices.framework; path = System/Library/Frameworks/MobileCoreServices.framework; sourceTree = SDKROOT; };
		B996E4F31B41C5D1004EEF45 /* QuartzCore.framework */ = {isa = PBXFileReference; lastKnownFileType = wrapper.framework; name = QuartzCore.framework; path = System/Library/Frameworks/QuartzCore.framework; sourceTree = SDKROOT; };
		B996E4F51B41C5D8004EEF45 /* Security.framework */ = {isa = PBXFileReference; lastKnownFileType = wrapper.framework; name = Security.framework; path = System/Library/Frameworks/Security.framework; sourceTree = SDKROOT; };
		B996E4F71B41C5E5004EEF45 /* StoreKit.framework */ = {isa = PBXFileReference; lastKnownFileType = wrapper.framework; name = StoreKit.framework; path = System/Library/Frameworks/StoreKit.framework; sourceTree = SDKROOT; };
		B996E4F91B41C5ED004EEF45 /* SystemConfiguration.framework */ = {isa = PBXFileReference; lastKnownFileType = wrapper.framework; name = SystemConfiguration.framework; path = System/Library/Frameworks/SystemConfiguration.framework; sourceTree = SDKROOT; };
		B996E4FB1B41C5F9004EEF45 /* libz.dylib */ = {isa = PBXFileReference; lastKnownFileType = "compiled.mach-o.dylib"; name = libz.dylib; path = usr/lib/libz.dylib; sourceTree = SDKROOT; };
		B996E4FD1B41C602004EEF45 /* libsqlite3.dylib */ = {isa = PBXFileReference; lastKnownFileType = "compiled.mach-o.dylib"; name = libsqlite3.dylib; path = usr/lib/libsqlite3.dylib; sourceTree = SDKROOT; };
		B996E5651B424450004EEF45 /* DatabaseAccess.h */ = {isa = PBXFileReference; fileEncoding = 4; lastKnownFileType = sourcecode.c.h; path = DatabaseAccess.h; sourceTree = "<group>"; };
		B996E5661B424450004EEF45 /* DatabaseAccess.m */ = {isa = PBXFileReference; fileEncoding = 4; lastKnownFileType = sourcecode.c.objc; path = DatabaseAccess.m; sourceTree = "<group>"; };
		B996E5681B426FB7004EEF45 /* Main.storyboard */ = {isa = PBXFileReference; fileEncoding = 4; lastKnownFileType = file.storyboard; path = Main.storyboard; sourceTree = "<group>"; };
		B996E56A1B42FB47004EEF45 /* YYConstants.h */ = {isa = PBXFileReference; fileEncoding = 4; lastKnownFileType = sourcecode.c.h; path = YYConstants.h; sourceTree = "<group>"; };
		B996E56B1B42FB47004EEF45 /* YYConstants.m */ = {isa = PBXFileReference; fileEncoding = 4; lastKnownFileType = sourcecode.c.objc; path = YYConstants.m; sourceTree = "<group>"; };
/* End PBXFileReference section */

/* Begin PBXFrameworksBuildPhase section */
		19045DEC1B41BF2F0040AC88 /* Frameworks */ = {
			isa = PBXFrameworksBuildPhase;
			buildActionMask = 2147483647;
			files = (
				B996E4FE1B41C602004EEF45 /* libsqlite3.dylib in Frameworks */,
				B996E4FC1B41C5F9004EEF45 /* libz.dylib in Frameworks */,
				B996E4FA1B41C5ED004EEF45 /* SystemConfiguration.framework in Frameworks */,
				B996E4F81B41C5E5004EEF45 /* StoreKit.framework in Frameworks */,
				B996E4F61B41C5D8004EEF45 /* Security.framework in Frameworks */,
				B996E4F41B41C5D1004EEF45 /* QuartzCore.framework in Frameworks */,
				B996E4F21B41C5CA004EEF45 /* MobileCoreServices.framework in Frameworks */,
				B996E4F01B41C5C1004EEF45 /* CoreLocation.framework in Frameworks */,
				B996E4EE1B41C5B9004EEF45 /* CoreGraphics.framework in Frameworks */,
				B996E4EC1B41C5B0004EEF45 /* CFNetwork.framework in Frameworks */,
				B996E4EA1B41C5A9004EEF45 /* AudioToolbox.framework in Frameworks */,
				B996E4E81B41C57E004EEF45 /* Parse.framework in Frameworks */,
				B996E4E71B41C57E004EEF45 /* Bolts.framework in Frameworks */,
			);
			runOnlyForDeploymentPostprocessing = 0;
		};
		19045E051B41BF2F0040AC88 /* Frameworks */ = {
			isa = PBXFrameworksBuildPhase;
			buildActionMask = 2147483647;
			files = (
			);
			runOnlyForDeploymentPostprocessing = 0;
		};
/* End PBXFrameworksBuildPhase section */

/* Begin PBXGroup section */
		19045DE61B41BF2F0040AC88 = {
			isa = PBXGroup;
			children = (
				B996E4FD1B41C602004EEF45 /* libsqlite3.dylib */,
				B996E4FB1B41C5F9004EEF45 /* libz.dylib */,
				B996E4F91B41C5ED004EEF45 /* SystemConfiguration.framework */,
				B996E4F71B41C5E5004EEF45 /* StoreKit.framework */,
				B996E4F51B41C5D8004EEF45 /* Security.framework */,
				B996E4F31B41C5D1004EEF45 /* QuartzCore.framework */,
				B996E4F11B41C5CA004EEF45 /* MobileCoreServices.framework */,
				B996E4EF1B41C5C1004EEF45 /* CoreLocation.framework */,
				B996E4ED1B41C5B9004EEF45 /* CoreGraphics.framework */,
				B996E4EB1B41C5B0004EEF45 /* CFNetwork.framework */,
				B996E4E91B41C5A9004EEF45 /* AudioToolbox.framework */,
				B996E4E51B41C57E004EEF45 /* Bolts.framework */,
				B996E4E61B41C57E004EEF45 /* Parse.framework */,
				19045DF11B41BF2F0040AC88 /* YumYuk */,
				19045E0B1B41BF2F0040AC88 /* YumYukTests */,
				19045DF01B41BF2F0040AC88 /* Products */,
			);
			sourceTree = "<group>";
		};
		19045DF01B41BF2F0040AC88 /* Products */ = {
			isa = PBXGroup;
			children = (
				19045DEF1B41BF2F0040AC88 /* YumYuk.app */,
				19045E081B41BF2F0040AC88 /* YumYukTests.xctest */,
			);
			name = Products;
			sourceTree = "<group>";
		};
		19045DF11B41BF2F0040AC88 /* YumYuk */ = {
			isa = PBXGroup;
			children = (
				B996E5681B426FB7004EEF45 /* Main.storyboard */,
				972C259A1B42FB0B0096A32E /* IndividualPageController.h */,
				972C259B1B42FB0B0096A32E /* IndividualPageController.m */,
				19045DF61B41BF2F0040AC88 /* AppDelegate.h */,
				19045DF71B41BF2F0040AC88 /* AppDelegate.m */,
				97B9BBCE1B41ED7B00D972D1 /* RestaurantViewCell.h */,
				97B9BBCF1B41ED7B00D972D1 /* RestaurantViewCell.m */,
				97B9BBD11B41EDD900D972D1 /* RestaurantViewCell.xib */,
				97B9BBCB1B41E08E00D972D1 /* RestaurantViewController.h */,
				97B9BBCC1B41E08E00D972D1 /* RestaurantViewController.m */,
				97B9BBD31B42059000D972D1 /* RestaurantList.h */,
				97B9BBD41B42059000D972D1 /* RestaurantList.m */,
				19045DFF1B41BF2F0040AC88 /* Images.xcassets */,
				19045E011B41BF2F0040AC88 /* LaunchScreen.xib */,
				B996E5651B424450004EEF45 /* DatabaseAccess.h */,
				B996E5661B424450004EEF45 /* DatabaseAccess.m */,
				B996E56A1B42FB47004EEF45 /* YYConstants.h */,
				B996E56B1B42FB47004EEF45 /* YYConstants.m */,
				19045DF21B41BF2F0040AC88 /* Supporting Files */,
			);
			path = YumYuk;
			sourceTree = "<group>";
		};
		19045DF21B41BF2F0040AC88 /* Supporting Files */ = {
			isa = PBXGroup;
			children = (
				19045DF31B41BF2F0040AC88 /* Info.plist */,
				19045DF41B41BF2F0040AC88 /* main.m */,
			);
			name = "Supporting Files";
			sourceTree = "<group>";
		};
		19045E0B1B41BF2F0040AC88 /* YumYukTests */ = {
			isa = PBXGroup;
			children = (
				19045E0E1B41BF2F0040AC88 /* YumYukTests.m */,
				19045E0C1B41BF2F0040AC88 /* Supporting Files */,
			);
			path = YumYukTests;
			sourceTree = "<group>";
		};
		19045E0C1B41BF2F0040AC88 /* Supporting Files */ = {
			isa = PBXGroup;
			children = (
				19045E0D1B41BF2F0040AC88 /* Info.plist */,
			);
			name = "Supporting Files";
			sourceTree = "<group>";
		};
/* End PBXGroup section */

/* Begin PBXNativeTarget section */
		19045DEE1B41BF2F0040AC88 /* YumYuk */ = {
			isa = PBXNativeTarget;
			buildConfigurationList = 19045E121B41BF2F0040AC88 /* Build configuration list for PBXNativeTarget "YumYuk" */;
			buildPhases = (
				19045DEB1B41BF2F0040AC88 /* Sources */,
				19045DEC1B41BF2F0040AC88 /* Frameworks */,
				19045DED1B41BF2F0040AC88 /* Resources */,
			);
			buildRules = (
			);
			dependencies = (
			);
			name = YumYuk;
			productName = YumYuk;
			productReference = 19045DEF1B41BF2F0040AC88 /* YumYuk.app */;
			productType = "com.apple.product-type.application";
		};
		19045E071B41BF2F0040AC88 /* YumYukTests */ = {
			isa = PBXNativeTarget;
			buildConfigurationList = 19045E151B41BF2F0040AC88 /* Build configuration list for PBXNativeTarget "YumYukTests" */;
			buildPhases = (
				19045E041B41BF2F0040AC88 /* Sources */,
				19045E051B41BF2F0040AC88 /* Frameworks */,
				19045E061B41BF2F0040AC88 /* Resources */,
			);
			buildRules = (
			);
			dependencies = (
				19045E0A1B41BF2F0040AC88 /* PBXTargetDependency */,
			);
			name = YumYukTests;
			productName = YumYukTests;
			productReference = 19045E081B41BF2F0040AC88 /* YumYukTests.xctest */;
			productType = "com.apple.product-type.bundle.unit-test";
		};
/* End PBXNativeTarget section */

/* Begin PBXProject section */
		19045DE71B41BF2F0040AC88 /* Project object */ = {
			isa = PBXProject;
			attributes = {
				LastUpgradeCheck = 0630;
				ORGANIZATIONNAME = "Big Nerd Ranch";
				TargetAttributes = {
					19045DEE1B41BF2F0040AC88 = {
						CreatedOnToolsVersion = 6.3.2;
						DevelopmentTeam = 9YS79B398J;
					};
					19045E071B41BF2F0040AC88 = {
						CreatedOnToolsVersion = 6.3.2;
						TestTargetID = 19045DEE1B41BF2F0040AC88;
					};
				};
			};
			buildConfigurationList = 19045DEA1B41BF2F0040AC88 /* Build configuration list for PBXProject "YumYuk" */;
			compatibilityVersion = "Xcode 3.2";
			developmentRegion = English;
			hasScannedForEncodings = 0;
			knownRegions = (
				en,
				Base,
			);
			mainGroup = 19045DE61B41BF2F0040AC88;
			productRefGroup = 19045DF01B41BF2F0040AC88 /* Products */;
			projectDirPath = "";
			projectRoot = "";
			targets = (
				19045DEE1B41BF2F0040AC88 /* YumYuk */,
				19045E071B41BF2F0040AC88 /* YumYukTests */,
			);
		};
/* End PBXProject section */

/* Begin PBXResourcesBuildPhase section */
		19045DED1B41BF2F0040AC88 /* Resources */ = {
			isa = PBXResourcesBuildPhase;
			buildActionMask = 2147483647;
			files = (
				19045E031B41BF2F0040AC88 /* LaunchScreen.xib in Resources */,
				19045E001B41BF2F0040AC88 /* Images.xcassets in Resources */,
				97B9BBD21B41EDD900D972D1 /* RestaurantViewCell.xib in Resources */,
				B996E5691B426FB7004EEF45 /* Main.storyboard in Resources */,
			);
			runOnlyForDeploymentPostprocessing = 0;
		};
		19045E061B41BF2F0040AC88 /* Resources */ = {
			isa = PBXResourcesBuildPhase;
			buildActionMask = 2147483647;
			files = (
			);
			runOnlyForDeploymentPostprocessing = 0;
		};
/* End PBXResourcesBuildPhase section */

/* Begin PBXSourcesBuildPhase section */
		19045DEB1B41BF2F0040AC88 /* Sources */ = {
			isa = PBXSourcesBuildPhase;
			buildActionMask = 2147483647;
			files = (
				19045DF81B41BF2F0040AC88 /* AppDelegate.m in Sources */,
				972C259C1B42FB0B0096A32E /* IndividualPageController.m in Sources */,
				B996E56C1B42FB47004EEF45 /* YYConstants.m in Sources */,
				97B9BBD51B42059000D972D1 /* RestaurantList.m in Sources */,
				B996E5671B424450004EEF45 /* DatabaseAccess.m in Sources */,
				19045DF51B41BF2F0040AC88 /* main.m in Sources */,
				97B9BBCD1B41E08E00D972D1 /* RestaurantViewController.m in Sources */,
				97B9BBD01B41ED7B00D972D1 /* RestaurantViewCell.m in Sources */,
			);
			runOnlyForDeploymentPostprocessing = 0;
		};
		19045E041B41BF2F0040AC88 /* Sources */ = {
			isa = PBXSourcesBuildPhase;
			buildActionMask = 2147483647;
			files = (
				19045E0F1B41BF2F0040AC88 /* YumYukTests.m in Sources */,
			);
			runOnlyForDeploymentPostprocessing = 0;
		};
/* End PBXSourcesBuildPhase section */

/* Begin PBXTargetDependency section */
		19045E0A1B41BF2F0040AC88 /* PBXTargetDependency */ = {
			isa = PBXTargetDependency;
			target = 19045DEE1B41BF2F0040AC88 /* YumYuk */;
			targetProxy = 19045E091B41BF2F0040AC88 /* PBXContainerItemProxy */;
		};
/* End PBXTargetDependency section */

/* Begin PBXVariantGroup section */
		19045E011B41BF2F0040AC88 /* LaunchScreen.xib */ = {
			isa = PBXVariantGroup;
			children = (
				19045E021B41BF2F0040AC88 /* Base */,
			);
			name = LaunchScreen.xib;
			sourceTree = "<group>";
		};
/* End PBXVariantGroup section */

/* Begin XCBuildConfiguration section */
		19045E101B41BF2F0040AC88 /* Debug */ = {
			isa = XCBuildConfiguration;
			buildSettings = {
				ALWAYS_SEARCH_USER_PATHS = NO;
				CLANG_CXX_LANGUAGE_STANDARD = "gnu++0x";
				CLANG_CXX_LIBRARY = "libc++";
				CLANG_ENABLE_MODULES = YES;
				CLANG_ENABLE_OBJC_ARC = YES;
				CLANG_WARN_BOOL_CONVERSION = YES;
				CLANG_WARN_CONSTANT_CONVERSION = YES;
				CLANG_WARN_DIRECT_OBJC_ISA_USAGE = YES_ERROR;
				CLANG_WARN_EMPTY_BODY = YES;
				CLANG_WARN_ENUM_CONVERSION = YES;
				CLANG_WARN_INT_CONVERSION = YES;
				CLANG_WARN_OBJC_ROOT_CLASS = YES_ERROR;
				CLANG_WARN_UNREACHABLE_CODE = YES;
				CLANG_WARN__DUPLICATE_METHOD_MATCH = YES;
				"CODE_SIGN_IDENTITY[sdk=iphoneos*]" = "iPhone Developer";
				COPY_PHASE_STRIP = NO;
				DEBUG_INFORMATION_FORMAT = "dwarf-with-dsym";
				ENABLE_STRICT_OBJC_MSGSEND = YES;
				GCC_C_LANGUAGE_STANDARD = gnu99;
				GCC_DYNAMIC_NO_PIC = NO;
				GCC_NO_COMMON_BLOCKS = YES;
				GCC_OPTIMIZATION_LEVEL = 0;
				GCC_PREPROCESSOR_DEFINITIONS = (
					"DEBUG=1",
					"$(inherited)",
				);
				GCC_SYMBOLS_PRIVATE_EXTERN = NO;
				GCC_WARN_64_TO_32_BIT_CONVERSION = YES;
				GCC_WARN_ABOUT_RETURN_TYPE = YES_ERROR;
				GCC_WARN_UNDECLARED_SELECTOR = YES;
				GCC_WARN_UNINITIALIZED_AUTOS = YES_AGGRESSIVE;
				GCC_WARN_UNUSED_FUNCTION = YES;
				GCC_WARN_UNUSED_VARIABLE = YES;
				IPHONEOS_DEPLOYMENT_TARGET = 8.3;
				MTL_ENABLE_DEBUG_INFO = YES;
				ONLY_ACTIVE_ARCH = YES;
				SDKROOT = iphoneos;
			};
			name = Debug;
		};
		19045E111B41BF2F0040AC88 /* Release */ = {
			isa = XCBuildConfiguration;
			buildSettings = {
				ALWAYS_SEARCH_USER_PATHS = NO;
				CLANG_CXX_LANGUAGE_STANDARD = "gnu++0x";
				CLANG_CXX_LIBRARY = "libc++";
				CLANG_ENABLE_MODULES = YES;
				CLANG_ENABLE_OBJC_ARC = YES;
				CLANG_WARN_BOOL_CONVERSION = YES;
				CLANG_WARN_CONSTANT_CONVERSION = YES;
				CLANG_WARN_DIRECT_OBJC_ISA_USAGE = YES_ERROR;
				CLANG_WARN_EMPTY_BODY = YES;
				CLANG_WARN_ENUM_CONVERSION = YES;
				CLANG_WARN_INT_CONVERSION = YES;
				CLANG_WARN_OBJC_ROOT_CLASS = YES_ERROR;
				CLANG_WARN_UNREACHABLE_CODE = YES;
				CLANG_WARN__DUPLICATE_METHOD_MATCH = YES;
				"CODE_SIGN_IDENTITY[sdk=iphoneos*]" = "iPhone Developer";
				COPY_PHASE_STRIP = NO;
				DEBUG_INFORMATION_FORMAT = "dwarf-with-dsym";
				ENABLE_NS_ASSERTIONS = NO;
				ENABLE_STRICT_OBJC_MSGSEND = YES;
				GCC_C_LANGUAGE_STANDARD = gnu99;
				GCC_NO_COMMON_BLOCKS = YES;
				GCC_WARN_64_TO_32_BIT_CONVERSION = YES;
				GCC_WARN_ABOUT_RETURN_TYPE = YES_ERROR;
				GCC_WARN_UNDECLARED_SELECTOR = YES;
				GCC_WARN_UNINITIALIZED_AUTOS = YES_AGGRESSIVE;
				GCC_WARN_UNUSED_FUNCTION = YES;
				GCC_WARN_UNUSED_VARIABLE = YES;
				IPHONEOS_DEPLOYMENT_TARGET = 8.3;
				MTL_ENABLE_DEBUG_INFO = NO;
				SDKROOT = iphoneos;
				VALIDATE_PRODUCT = YES;
			};
			name = Release;
		};
		19045E131B41BF2F0040AC88 /* Debug */ = {
			isa = XCBuildConfiguration;
			buildSettings = {
				ASSETCATALOG_COMPILER_APPICON_NAME = AppIcon;
				CODE_SIGN_IDENTITY = "iPhone Developer";
				"CODE_SIGN_IDENTITY[sdk=iphoneos*]" = "iPhone Developer";
				FRAMEWORK_SEARCH_PATHS = (
					"$(inherited)",
					"$(PROJECT_DIR)",
				);
				INFOPLIST_FILE = YumYuk/Info.plist;
				LD_RUNPATH_SEARCH_PATHS = "$(inherited) @executable_path/Frameworks";
				PRODUCT_NAME = "$(TARGET_NAME)";
				PROVISIONING_PROFILE = "";
				TARGETED_DEVICE_FAMILY = 1;
			};
			name = Debug;
		};
		19045E141B41BF2F0040AC88 /* Release */ = {
			isa = XCBuildConfiguration;
			buildSettings = {
				ASSETCATALOG_COMPILER_APPICON_NAME = AppIcon;
				CODE_SIGN_IDENTITY = "iPhone Developer";
				"CODE_SIGN_IDENTITY[sdk=iphoneos*]" = "iPhone Developer";
				FRAMEWORK_SEARCH_PATHS = (
					"$(inherited)",
					"$(PROJECT_DIR)",
				);
				INFOPLIST_FILE = YumYuk/Info.plist;
				LD_RUNPATH_SEARCH_PATHS = "$(inherited) @executable_path/Frameworks";
				PRODUCT_NAME = "$(TARGET_NAME)";
				PROVISIONING_PROFILE = "";
				TARGETED_DEVICE_FAMILY = 1;
			};
			name = Release;
		};
		19045E161B41BF2F0040AC88 /* Debug */ = {
			isa = XCBuildConfiguration;
			buildSettings = {
				BUNDLE_LOADER = "$(TEST_HOST)";
				FRAMEWORK_SEARCH_PATHS = (
					"$(SDKROOT)/Developer/Library/Frameworks",
					"$(inherited)",
				);
				GCC_PREPROCESSOR_DEFINITIONS = (
					"DEBUG=1",
					"$(inherited)",
				);
				INFOPLIST_FILE = YumYukTests/Info.plist;
				LD_RUNPATH_SEARCH_PATHS = "$(inherited) @executable_path/Frameworks @loader_path/Frameworks";
				PRODUCT_NAME = "$(TARGET_NAME)";
				TEST_HOST = "$(BUILT_PRODUCTS_DIR)/YumYuk.app/YumYuk";
			};
			name = Debug;
		};
		19045E171B41BF2F0040AC88 /* Release */ = {
			isa = XCBuildConfiguration;
			buildSettings = {
				BUNDLE_LOADER = "$(TEST_HOST)";
				FRAMEWORK_SEARCH_PATHS = (
					"$(SDKROOT)/Developer/Library/Frameworks",
					"$(inherited)",
				);
				INFOPLIST_FILE = YumYukTests/Info.plist;
				LD_RUNPATH_SEARCH_PATHS = "$(inherited) @executable_path/Frameworks @loader_path/Frameworks";
				PRODUCT_NAME = "$(TARGET_NAME)";
				TEST_HOST = "$(BUILT_PRODUCTS_DIR)/YumYuk.app/YumYuk";
			};
			name = Release;
		};
/* End XCBuildConfiguration section */

/* Begin XCConfigurationList section */
		19045DEA1B41BF2F0040AC88 /* Build configuration list for PBXProject "YumYuk" */ = {
			isa = XCConfigurationList;
			buildConfigurations = (
				19045E101B41BF2F0040AC88 /* Debug */,
				19045E111B41BF2F0040AC88 /* Release */,
			);
			defaultConfigurationIsVisible = 0;
			defaultConfigurationName = Release;
		};
		19045E121B41BF2F0040AC88 /* Build configuration list for PBXNativeTarget "YumYuk" */ = {
			isa = XCConfigurationList;
			buildConfigurations = (
				19045E131B41BF2F0040AC88 /* Debug */,
				19045E141B41BF2F0040AC88 /* Release */,
			);
			defaultConfigurationIsVisible = 0;
			defaultConfigurationName = Release;
		};
		19045E151B41BF2F0040AC88 /* Build configuration list for PBXNativeTarget "YumYukTests" */ = {
			isa = XCConfigurationList;
			buildConfigurations = (
				19045E161B41BF2F0040AC88 /* Debug */,
				19045E171B41BF2F0040AC88 /* Release */,
			);
			defaultConfigurationIsVisible = 0;
			defaultConfigurationName = Release;
		};
/* End XCConfigurationList section */
	};
	rootObject = 19045DE71B41BF2F0040AC88 /* Project object */;
}
